// !$*UTF8*$!
{
	archiveVersion = 1;
	classes = {
	};
	objectVersion = 48;
	objects = {

/* Begin PBXBuildFile section */
		4920A1D9203A006B00F7E48D /* S2_Basic.swift in Sources */ = {isa = PBXBuildFile; fileRef = 4920A1D8203A006B00F7E48D /* S2_Basic.swift */; };
		4920A1DB203B117400F7E48D /* S3_Basic.swift in Sources */ = {isa = PBXBuildFile; fileRef = 4920A1DA203B117400F7E48D /* S3_Basic.swift */; };
		4929A8C820455BFF00515370 /* S5_Basic.swift in Sources */ = {isa = PBXBuildFile; fileRef = 4929A8C720455BFF00515370 /* S5_Basic.swift */; };
		4932DBA920380D0B00B52E32 /* S1_Basic.swift in Sources */ = {isa = PBXBuildFile; fileRef = 4932DBA820380D0B00B52E32 /* S1_Basic.swift */; };
		4976A6D82048796600849D39 /* S6_Basic.swift in Sources */ = {isa = PBXBuildFile; fileRef = 4976A6D72048796600849D39 /* S6_Basic.swift */; };
		49973274202DEB2F00561A72 /* main.swift in Sources */ = {isa = PBXBuildFile; fileRef = 49973273202DEB2F00561A72 /* main.swift */; };
		49DEF4A4204203F100880402 /* S4_basic.swift in Sources */ = {isa = PBXBuildFile; fileRef = 49DEF4A3204203F100880402 /* S4_basic.swift */; };
/* End PBXBuildFile section */

/* Begin PBXCopyFilesBuildPhase section */
		4997326E202DEB2F00561A72 /* CopyFiles */ = {
			isa = PBXCopyFilesBuildPhase;
			buildActionMask = 2147483647;
			dstPath = /usr/share/man/man1/;
			dstSubfolderSpec = 0;
			files = (
			);
			runOnlyForDeploymentPostprocessing = 1;
		};
/* End PBXCopyFilesBuildPhase section */

/* Begin PBXFileReference section */
		4920A1D8203A006B00F7E48D /* S2_Basic.swift */ = {isa = PBXFileReference; lastKnownFileType = sourcecode.swift; path = S2_Basic.swift; sourceTree = "<group>"; };
		4920A1DA203B117400F7E48D /* S3_Basic.swift */ = {isa = PBXFileReference; lastKnownFileType = sourcecode.swift; path = S3_Basic.swift; sourceTree = "<group>"; };
		4929A8C720455BFF00515370 /* S5_Basic.swift */ = {isa = PBXFileReference; lastKnownFileType = sourcecode.swift; path = S5_Basic.swift; sourceTree = "<group>"; };
		4932DBA820380D0B00B52E32 /* S1_Basic.swift */ = {isa = PBXFileReference; lastKnownFileType = sourcecode.swift; path = S1_Basic.swift; sourceTree = "<group>"; };
		4976A6D72048796600849D39 /* S6_Basic.swift */ = {isa = PBXFileReference; lastKnownFileType = sourcecode.swift; path = S6_Basic.swift; sourceTree = "<group>"; };
		49973270202DEB2F00561A72 /* Learning-Swift 4 */ = {isa = PBXFileReference; explicitFileType = "compiled.mach-o.executable"; includeInIndex = 0; path = "Learning-Swift 4"; sourceTree = BUILT_PRODUCTS_DIR; };
		49973273202DEB2F00561A72 /* main.swift */ = {isa = PBXFileReference; lastKnownFileType = sourcecode.swift; path = main.swift; sourceTree = "<group>"; };
		49DEF4A3204203F100880402 /* S4_basic.swift */ = {isa = PBXFileReference; lastKnownFileType = sourcecode.swift; path = S4_basic.swift; sourceTree = "<group>"; };
/* End PBXFileReference section */

/* Begin PBXFrameworksBuildPhase section */
		4997326D202DEB2F00561A72 /* Frameworks */ = {
			isa = PBXFrameworksBuildPhase;
			buildActionMask = 2147483647;
			files = (
			);
			runOnlyForDeploymentPostprocessing = 0;
		};
/* End PBXFrameworksBuildPhase section */

/* Begin PBXGroup section */
		4932DB9920380C9300B52E32 /* S1 Swiftでプログラミング */ = {
			isa = PBXGroup;
			children = (
				4932DBA820380D0B00B52E32 /* S1_Basic.swift */,
			);
			name = "S1 Swiftでプログラミング";
			path = "S1 Swiftでプログラミング";
			sourceTree = "<group>";
		};
		4932DB9A20380C9300B52E32 /* S4 オプショナル */ = {
			isa = PBXGroup;
			children = (
				49DEF4A3204203F100880402 /* S4_basic.swift */,
			);
			name = "S4 オプショナル";
			path = "S4 オプショナル";
			sourceTree = "<group>";
		};
		4932DB9B20380C9300B52E32 /* S11 */ = {
			isa = PBXGroup;
			children = (
			);
			path = S11;
			sourceTree = "<group>";
		};
		4932DB9C20380C9300B52E32 /* S5 プロトコル */ = {
			isa = PBXGroup;
			children = (
				4929A8C720455BFF00515370 /* S5_Basic.swift */,
			);
			name = "S5 プロトコル";
			path = "S5 プロトコル";
			sourceTree = "<group>";
		};
		4932DB9D20380C9400B52E32 /* S9 */ = {
			isa = PBXGroup;
			children = (
			);
			path = S9;
			sourceTree = "<group>";
		};
		4932DB9E20380C9400B52E32 /* S13 */ = {
			isa = PBXGroup;
			children = (
			);
			path = S13;
			sourceTree = "<group>";
		};
		4932DB9F20380C9400B52E32 /* S7 */ = {
			isa = PBXGroup;
			children = (
			);
			path = S7;
			sourceTree = "<group>";
		};
		4932DBA020380C9400B52E32 /* S2 関数 */ = {
			isa = PBXGroup;
			children = (
				4920A1D8203A006B00F7E48D /* S2_Basic.swift */,
			);
			path = "S2 関数";
			sourceTree = "<group>";
		};
		4932DBA120380C9400B52E32 /* S14 */ = {
			isa = PBXGroup;
			children = (
			);
			path = S14;
			sourceTree = "<group>";
		};
		4932DBA220380C9400B52E32 /* S10 */ = {
			isa = PBXGroup;
			children = (
			);
			path = S10;
			sourceTree = "<group>";
		};
		4932DBA320380C9400B52E32 /* S15 */ = {
			isa = PBXGroup;
			children = (
			);
			path = S15;
			sourceTree = "<group>";
		};
		4932DBA420380C9400B52E32 /* S3 構造体 */ = {
			isa = PBXGroup;
			children = (
				4920A1DA203B117400F7E48D /* S3_Basic.swift */,
			);
			path = "S3 構造体";
			sourceTree = "<group>";
		};
		4932DBA520380C9400B52E32 /* S12 */ = {
			isa = PBXGroup;
			children = (
			);
			path = S12;
			sourceTree = "<group>";
		};
		4932DBA620380C9500B52E32 /* S8 */ = {
			isa = PBXGroup;
			children = (
			);
			path = S8;
			sourceTree = "<group>";
		};
		4932DBA720380C9500B52E32 /* S6 基本的なデータ型 */ = {
			isa = PBXGroup;
			children = (
				4976A6D72048796600849D39 /* S6_Basic.swift */,
			);
			name = "S6 基本的なデータ型";
			path = "S6 基本的なデータ型";
			sourceTree = "<group>";
		};
		49973267202DEB2F00561A72 = {
			isa = PBXGroup;
			children = (
				49973272202DEB2F00561A72 /* Learning-Swift 4 */,
				49973271202DEB2F00561A72 /* Products */,
			);
			sourceTree = "<group>";
		};
		49973271202DEB2F00561A72 /* Products */ = {
			isa = PBXGroup;
			children = (
				49973270202DEB2F00561A72 /* Learning-Swift 4 */,
			);
			name = Products;
			sourceTree = "<group>";
		};
		49973272202DEB2F00561A72 /* Learning-Swift 4 */ = {
			isa = PBXGroup;
			children = (
				49973273202DEB2F00561A72 /* main.swift */,
				4932DB9920380C9300B52E32 /* S1 Swiftでプログラミング */,
				4932DBA020380C9400B52E32 /* S2 関数 */,
				4932DBA420380C9400B52E32 /* S3 構造体 */,
				4932DB9A20380C9300B52E32 /* S4 オプショナル */,
				4932DB9C20380C9300B52E32 /* S5 プロトコル */,
				4932DBA720380C9500B52E32 /* S6 基本的なデータ型 */,
				4932DB9F20380C9400B52E32 /* S7 */,
				4932DBA620380C9500B52E32 /* S8 */,
				4932DB9D20380C9400B52E32 /* S9 */,
				4932DBA220380C9400B52E32 /* S10 */,
				4932DB9B20380C9300B52E32 /* S11 */,
				4932DBA520380C9400B52E32 /* S12 */,
				4932DB9E20380C9400B52E32 /* S13 */,
				4932DBA120380C9400B52E32 /* S14 */,
				4932DBA320380C9400B52E32 /* S15 */,
			);
			path = "Learning-Swift 4";
			sourceTree = "<group>";
		};
/* End PBXGroup section */

/* Begin PBXNativeTarget section */
		4997326F202DEB2F00561A72 /* Learning-Swift 4 */ = {
			isa = PBXNativeTarget;
			buildConfigurationList = 49973277202DEB2F00561A72 /* Build configuration list for PBXNativeTarget "Learning-Swift 4" */;
			buildPhases = (
				4997326C202DEB2F00561A72 /* Sources */,
				4997326D202DEB2F00561A72 /* Frameworks */,
				4997326E202DEB2F00561A72 /* CopyFiles */,
			);
			buildRules = (
			);
			dependencies = (
			);
			name = "Learning-Swift 4";
			productName = "Learning-Swift 4";
			productReference = 49973270202DEB2F00561A72 /* Learning-Swift 4 */;
			productType = "com.apple.product-type.tool";
		};
/* End PBXNativeTarget section */

/* Begin PBXProject section */
		49973268202DEB2F00561A72 /* Project object */ = {
			isa = PBXProject;
			attributes = {
				LastSwiftUpdateCheck = 0920;
				LastUpgradeCheck = 0920;
				ORGANIZATIONNAME = "徐伟达";
				TargetAttributes = {
					4997326F202DEB2F00561A72 = {
						CreatedOnToolsVersion = 9.2;
						ProvisioningStyle = Automatic;
					};
				};
			};
			buildConfigurationList = 4997326B202DEB2F00561A72 /* Build configuration list for PBXProject "Learning-Swift 4" */;
			compatibilityVersion = "Xcode 8.0";
			developmentRegion = en;
			hasScannedForEncodings = 0;
			knownRegions = (
				en,
			);
			mainGroup = 49973267202DEB2F00561A72;
			productRefGroup = 49973271202DEB2F00561A72 /* Products */;
			projectDirPath = "";
			projectRoot = "";
			targets = (
				4997326F202DEB2F00561A72 /* Learning-Swift 4 */,
			);
		};
/* End PBXProject section */

/* Begin PBXSourcesBuildPhase section */
		4997326C202DEB2F00561A72 /* Sources */ = {
			isa = PBXSourcesBuildPhase;
			buildActionMask = 2147483647;
			files = (
				4920A1DB203B117400F7E48D /* S3_Basic.swift in Sources */,
				4932DBA920380D0B00B52E32 /* S1_Basic.swift in Sources */,
				4929A8C820455BFF00515370 /* S5_Basic.swift in Sources */,
				49DEF4A4204203F100880402 /* S4_basic.swift in Sources */,
				4976A6D82048796600849D39 /* S6_Basic.swift in Sources */,
				4920A1D9203A006B00F7E48D /* S2_Basic.swift in Sources */,
				49973274202DEB2F00561A72 /* main.swift in Sources */,
			);
			runOnlyForDeploymentPostprocessing = 0;
		};
/* End PBXSourcesBuildPhase section */

/* Begin XCBuildConfiguration section */
		49973275202DEB2F00561A72 /* Debug */ = {
			isa = XCBuildConfiguration;
			buildSettings = {
				ALWAYS_SEARCH_USER_PATHS = NO;
				CLANG_ANALYZER_NONNULL = YES;
				CLANG_ANALYZER_NUMBER_OBJECT_CONVERSION = YES_AGGRESSIVE;
				CLANG_CXX_LANGUAGE_STANDARD = "gnu++14";
				CLANG_CXX_LIBRARY = "libc++";
				CLANG_ENABLE_MODULES = YES;
				CLANG_ENABLE_OBJC_ARC = YES;
				CLANG_WARN_BLOCK_CAPTURE_AUTORELEASING = YES;
				CLANG_WARN_BOOL_CONVERSION = YES;
				CLANG_WARN_COMMA = YES;
				CLANG_WARN_CONSTANT_CONVERSION = YES;
				CLANG_WARN_DIRECT_OBJC_ISA_USAGE = YES_ERROR;
				CLANG_WARN_DOCUMENTATION_COMMENTS = YES;
				CLANG_WARN_EMPTY_BODY = YES;
				CLANG_WARN_ENUM_CONVERSION = YES;
				CLANG_WARN_INFINITE_RECURSION = YES;
				CLANG_WARN_INT_CONVERSION = YES;
				CLANG_WARN_NON_LITERAL_NULL_CONVERSION = YES;
				CLANG_WARN_OBJC_LITERAL_CONVERSION = YES;
				CLANG_WARN_OBJC_ROOT_CLASS = YES_ERROR;
				CLANG_WARN_RANGE_LOOP_ANALYSIS = YES;
				CLANG_WARN_STRICT_PROTOTYPES = YES;
				CLANG_WARN_SUSPICIOUS_MOVE = YES;
				CLANG_WARN_UNGUARDED_AVAILABILITY = YES_AGGRESSIVE;
				CLANG_WARN_UNREACHABLE_CODE = YES;
				CLANG_WARN__DUPLICATE_METHOD_MATCH = YES;
				CODE_SIGN_IDENTITY = "Mac Developer";
				COPY_PHASE_STRIP = NO;
				DEBUG_INFORMATION_FORMAT = dwarf;
				ENABLE_STRICT_OBJC_MSGSEND = YES;
				ENABLE_TESTABILITY = YES;
				GCC_C_LANGUAGE_STANDARD = gnu11;
				GCC_DYNAMIC_NO_PIC = NO;
				GCC_NO_COMMON_BLOCKS = YES;
				GCC_OPTIMIZATION_LEVEL = 0;
				GCC_PREPROCESSOR_DEFINITIONS = (
					"DEBUG=1",
					"$(inherited)",
				);
				GCC_WARN_64_TO_32_BIT_CONVERSION = YES;
				GCC_WARN_ABOUT_RETURN_TYPE = YES_ERROR;
				GCC_WARN_UNDECLARED_SELECTOR = YES;
				GCC_WARN_UNINITIALIZED_AUTOS = YES_AGGRESSIVE;
				GCC_WARN_UNUSED_FUNCTION = YES;
				GCC_WARN_UNUSED_VARIABLE = YES;
				MACOSX_DEPLOYMENT_TARGET = 10.13;
				MTL_ENABLE_DEBUG_INFO = YES;
				ONLY_ACTIVE_ARCH = YES;
				SDKROOT = macosx;
				SWIFT_ACTIVE_COMPILATION_CONDITIONS = DEBUG;
				SWIFT_OPTIMIZATION_LEVEL = "-Onone";
			};
			name = Debug;
		};
		49973276202DEB2F00561A72 /* Release */ = {
			isa = XCBuildConfiguration;
			buildSettings = {
				ALWAYS_SEARCH_USER_PATHS = NO;
				CLANG_ANALYZER_NONNULL = YES;
				CLANG_ANALYZER_NUMBER_OBJECT_CONVERSION = YES_AGGRESSIVE;
				CLANG_CXX_LANGUAGE_STANDARD = "gnu++14";
				CLANG_CXX_LIBRARY = "libc++";
				CLANG_ENABLE_MODULES = YES;
				CLANG_ENABLE_OBJC_ARC = YES;
				CLANG_WARN_BLOCK_CAPTURE_AUTORELEASING = YES;
				CLANG_WARN_BOOL_CONVERSION = YES;
				CLANG_WARN_COMMA = YES;
				CLANG_WARN_CONSTANT_CONVERSION = YES;
				CLANG_WARN_DIRECT_OBJC_ISA_USAGE = YES_ERROR;
				CLANG_WARN_DOCUMENTATION_COMMENTS = YES;
				CLANG_WARN_EMPTY_BODY = YES;
				CLANG_WARN_ENUM_CONVERSION = YES;
				CLANG_WARN_INFINITE_RECURSION = YES;
				CLANG_WARN_INT_CONVERSION = YES;
				CLANG_WARN_NON_LITERAL_NULL_CONVERSION = YES;
				CLANG_WARN_OBJC_LITERAL_CONVERSION = YES;
				CLANG_WARN_OBJC_ROOT_CLASS = YES_ERROR;
				CLANG_WARN_RANGE_LOOP_ANALYSIS = YES;
				CLANG_WARN_STRICT_PROTOTYPES = YES;
				CLANG_WARN_SUSPICIOUS_MOVE = YES;
				CLANG_WARN_UNGUARDED_AVAILABILITY = YES_AGGRESSIVE;
				CLANG_WARN_UNREACHABLE_CODE = YES;
				CLANG_WARN__DUPLICATE_METHOD_MATCH = YES;
				CODE_SIGN_IDENTITY = "Mac Developer";
				COPY_PHASE_STRIP = NO;
				DEBUG_INFORMATION_FORMAT = "dwarf-with-dsym";
				ENABLE_NS_ASSERTIONS = NO;
				ENABLE_STRICT_OBJC_MSGSEND = YES;
				GCC_C_LANGUAGE_STANDARD = gnu11;
				GCC_NO_COMMON_BLOCKS = YES;
				GCC_WARN_64_TO_32_BIT_CONVERSION = YES;
				GCC_WARN_ABOUT_RETURN_TYPE = YES_ERROR;
				GCC_WARN_UNDECLARED_SELECTOR = YES;
				GCC_WARN_UNINITIALIZED_AUTOS = YES_AGGRESSIVE;
				GCC_WARN_UNUSED_FUNCTION = YES;
				GCC_WARN_UNUSED_VARIABLE = YES;
				MACOSX_DEPLOYMENT_TARGET = 10.13;
				MTL_ENABLE_DEBUG_INFO = NO;
				SDKROOT = macosx;
				SWIFT_OPTIMIZATION_LEVEL = "-Owholemodule";
			};
			name = Release;
		};
		49973278202DEB2F00561A72 /* Debug */ = {
			isa = XCBuildConfiguration;
			buildSettings = {
				CODE_SIGN_STYLE = Automatic;
				DEVELOPMENT_TEAM = LG37524TU4;
				PRODUCT_NAME = "$(TARGET_NAME)";
				SWIFT_VERSION = 4.0;
			};
			name = Debug;
		};
		49973279202DEB2F00561A72 /* Release */ = {
			isa = XCBuildConfiguration;
			buildSettings = {
				CODE_SIGN_STYLE = Automatic;
				DEVELOPMENT_TEAM = LG37524TU4;
				PRODUCT_NAME = "$(TARGET_NAME)";
				SWIFT_VERSION = 4.0;
			};
			name = Release;
		};
/* End XCBuildConfiguration section */

/* Begin XCConfigurationList section */
		4997326B202DEB2F00561A72 /* Build configuration list for PBXProject "Learning-Swift 4" */ = {
			isa = XCConfigurationList;
			buildConfigurations = (
				49973275202DEB2F00561A72 /* Debug */,
				49973276202DEB2F00561A72 /* Release */,
			);
			defaultConfigurationIsVisible = 0;
			defaultConfigurationName = Release;
		};
		49973277202DEB2F00561A72 /* Build configuration list for PBXNativeTarget "Learning-Swift 4" */ = {
			isa = XCConfigurationList;
			buildConfigurations = (
				49973278202DEB2F00561A72 /* Debug */,
				49973279202DEB2F00561A72 /* Release */,
			);
			defaultConfigurationIsVisible = 0;
			defaultConfigurationName = Release;
		};
/* End XCConfigurationList section */
	};
	rootObject = 49973268202DEB2F00561A72 /* Project object */;
}
