// !$*UTF8*$!
{
	archiveVersion = 1;
	classes = {
	};
	objectVersion = 46;
	objects = {

/* Begin PBXBuildFile section */
		4925CD721E7AECDE00FD974E /* AppDelegate.swift in Sources */ = {isa = PBXBuildFile; fileRef = 4925CD711E7AECDE00FD974E /* AppDelegate.swift */; };
		4925CD741E7AECDE00FD974E /* ViewController.swift in Sources */ = {isa = PBXBuildFile; fileRef = 4925CD731E7AECDE00FD974E /* ViewController.swift */; };
		4925CD771E7AECDE00FD974E /* Main.storyboard in Resources */ = {isa = PBXBuildFile; fileRef = 4925CD751E7AECDE00FD974E /* Main.storyboard */; };
		4925CD791E7AECDE00FD974E /* Assets.xcassets in Resources */ = {isa = PBXBuildFile; fileRef = 4925CD781E7AECDE00FD974E /* Assets.xcassets */; };
		4925CD7C1E7AECDE00FD974E /* LaunchScreen.storyboard in Resources */ = {isa = PBXBuildFile; fileRef = 4925CD7A1E7AECDE00FD974E /* LaunchScreen.storyboard */; };
/* End PBXBuildFile section */

/* Begin PBXFileReference section */
		4925CD6E1E7AECDE00FD974E /* mySample.app */ = {isa = PBXFileReference; explicitFileType = wrapper.application; includeInIndex = 0; path = mySample.app; sourceTree = BUILT_PRODUCTS_DIR; };
		4925CD711E7AECDE00FD974E /* AppDelegate.swift */ = {isa = PBXFileReference; lastKnownFileType = sourcecode.swift; path = AppDelegate.swift; sourceTree = "<group>"; };
		4925CD731E7AECDE00FD974E /* ViewController.swift */ = {isa = PBXFileReference; lastKnownFileType = sourcecode.swift; path = ViewController.swift; sourceTree = "<group>"; };
		4925CD761E7AECDE00FD974E /* Base */ = {isa = PBXFileReference; lastKnownFileType = file.storyboard; name = Base; path = Base.lproj/Main.storyboard; sourceTree = "<group>"; };
		4925CD781E7AECDE00FD974E /* Assets.xcassets */ = {isa = PBXFileReference; lastKnownFileType = folder.assetcatalog; path = Assets.xcassets; sourceTree = "<group>"; };
		4925CD7B1E7AECDE00FD974E /* Base */ = {isa = PBXFileReference; lastKnownFileType = file.storyboard; name = Base; path = Base.lproj/LaunchScreen.storyboard; sourceTree = "<group>"; };
		4925CD7D1E7AECDE00FD974E /* Info.plist */ = {isa = PBXFileReference; lastKnownFileType = text.plist.xml; path = Info.plist; sourceTree = "<group>"; };
/* End PBXFileReference section */

/* Begin PBXFrameworksBuildPhase section */
		4925CD6B1E7AECDE00FD974E /* Frameworks */ = {
			isa = PBXFrameworksBuildPhase;
			buildActionMask = 2147483647;
			files = (
			);
			runOnlyForDeploymentPostprocessing = 0;
		};
/* End PBXFrameworksBuildPhase section */

/* Begin PBXGroup section */
		4925CD651E7AECDE00FD974E = {
			isa = PBXGroup;
			children = (
				4925CD701E7AECDE00FD974E /* mySample */,
				4925CD6F1E7AECDE00FD974E /* Products */,
			);
			sourceTree = "<group>";
		};
		4925CD6F1E7AECDE00FD974E /* Products */ = {
			isa = PBXGroup;
			children = (
				4925CD6E1E7AECDE00FD974E /* mySample.app */,
			);
			name = Products;
			sourceTree = "<group>";
		};
		4925CD701E7AECDE00FD974E /* mySample */ = {
			isa = PBXGroup;
			children = (
				4925CD711E7AECDE00FD974E /* AppDelegate.swift */,
				4925CD731E7AECDE00FD974E /* ViewController.swift */,
				4925CD751E7AECDE00FD974E /* Main.storyboard */,
				4925CD781E7AECDE00FD974E /* Assets.xcassets */,
				4925CD7A1E7AECDE00FD974E /* LaunchScreen.storyboard */,
				4925CD7D1E7AECDE00FD974E /* Info.plist */,
			);
			path = mySample;
			sourceTree = "<group>";
		};
/* End PBXGroup section */

/* Begin PBXNativeTarget section */
		4925CD6D1E7AECDE00FD974E /* mySample */ = {
			isa = PBXNativeTarget;
			buildConfigurationList = 4925CD801E7AECDE00FD974E /* Build configuration list for PBXNativeTarget "mySample" */;
			buildPhases = (
				4925CD6A1E7AECDE00FD974E /* Sources */,
				4925CD6B1E7AECDE00FD974E /* Frameworks */,
				4925CD6C1E7AECDE00FD974E /* Resources */,
			);
			buildRules = (
			);
			dependencies = (
			);
			name = mySample;
			productName = mySample;
			productReference = 4925CD6E1E7AECDE00FD974E /* mySample.app */;
			productType = "com.apple.product-type.application";
		};
/* End PBXNativeTarget section */

/* Begin PBXProject section */
		4925CD661E7AECDE00FD974E /* Project object */ = {
			isa = PBXProject;
			attributes = {
				LastSwiftUpdateCheck = 0820;
				LastUpgradeCheck = 0820;
				ORGANIZATIONNAME = "徐伟达";
				TargetAttributes = {
					4925CD6D1E7AECDE00FD974E = {
						CreatedOnToolsVersion = 8.2.1;
						ProvisioningStyle = Automatic;
					};
				};
			};
			buildConfigurationList = 4925CD691E7AECDE00FD974E /* Build configuration list for PBXProject "mySample" */;
			compatibilityVersion = "Xcode 3.2";
			developmentRegion = English;
			hasScannedForEncodings = 0;
			knownRegions = (
				en,
				Base,
			);
			mainGroup = 4925CD651E7AECDE00FD974E;
			productRefGroup = 4925CD6F1E7AECDE00FD974E /* Products */;
			projectDirPath = "";
			projectRoot = "";
			targets = (
				4925CD6D1E7AECDE00FD974E /* mySample */,
			);
		};
/* End PBXProject section */

/* Begin PBXResourcesBuildPhase section */
		4925CD6C1E7AECDE00FD974E /* Resources */ = {
			isa = PBXResourcesBuildPhase;
			buildActionMask = 2147483647;
			files = (
				4925CD7C1E7AECDE00FD974E /* LaunchScreen.storyboard in Resources */,
				4925CD791E7AECDE00FD974E /* Assets.xcassets in Resources */,
				4925CD771E7AECDE00FD974E /* Main.storyboard in Resources */,
			);
			runOnlyForDeploymentPostprocessing = 0;
		};
/* End PBXResourcesBuildPhase section */

/* Begin PBXSourcesBuildPhase section */
		4925CD6A1E7AECDE00FD974E /* Sources */ = {
			isa = PBXSourcesBuildPhase;
			buildActionMask = 2147483647;
			files = (
				4925CD741E7AECDE00FD974E /* ViewController.swift in Sources */,
				4925CD721E7AECDE00FD974E /* AppDelegate.swift in Sources */,
			);
			runOnlyForDeploymentPostprocessing = 0;
		};
/* End PBXSourcesBuildPhase section */

/* Begin PBXVariantGroup section */
		4925CD751E7AECDE00FD974E /* Main.storyboard */ = {
			isa = PBXVariantGroup;
			children = (
				4925CD761E7AECDE00FD974E /* Base */,
			);
			name = Main.storyboard;
			sourceTree = "<group>";
		};
		4925CD7A1E7AECDE00FD974E /* LaunchScreen.storyboard */ = {
			isa = PBXVariantGroup;
			children = (
				4925CD7B1E7AECDE00FD974E /* Base */,
			);
			name = LaunchScreen.storyboard;
			sourceTree = "<group>";
		};
/* End PBXVariantGroup section */

/* Begin XCBuildConfiguration section */
		4925CD7E1E7AECDE00FD974E /* Debug */ = {
			isa = XCBuildConfiguration;
			buildSettings = {
				ALWAYS_SEARCH_USER_PATHS = NO;
				CLANG_ANALYZER_NONNULL = YES;
				CLANG_CXX_LANGUAGE_STANDARD = "gnu++0x";
				CLANG_CXX_LIBRARY = "libc++";
				CLANG_ENABLE_MODULES = YES;
				CLANG_ENABLE_OBJC_ARC = YES;
				CLANG_WARN_BOOL_CONVERSION = YES;
				CLANG_WARN_CONSTANT_CONVERSION = YES;
				CLANG_WARN_DIRECT_OBJC_ISA_USAGE = YES_ERROR;
				CLANG_WARN_DOCUMENTATION_COMMENTS = YES;
				CLANG_WARN_EMPTY_BODY = YES;
				CLANG_WARN_ENUM_CONVERSION = YES;
				CLANG_WARN_INFINITE_RECURSION = YES;
				CLANG_WARN_INT_CONVERSION = YES;
				CLANG_WARN_OBJC_ROOT_CLASS = YES_ERROR;
				CLANG_WARN_SUSPICIOUS_MOVE = YES;
				CLANG_WARN_UNREACHABLE_CODE = YES;
				CLANG_WARN__DUPLICATE_METHOD_MATCH = YES;
				"CODE_SIGN_IDENTITY[sdk=iphoneos*]" = "iPhone Developer";
				COPY_PHASE_STRIP = NO;
				DEBUG_INFORMATION_FORMAT = dwarf;
				ENABLE_STRICT_OBJC_MSGSEND = YES;
				ENABLE_TESTABILITY = YES;
				GCC_C_LANGUAGE_STANDARD = gnu99;
				GCC_DYNAMIC_NO_PIC = NO;
				GCC_NO_COMMON_BLOCKS = YES;
				GCC_OPTIMIZATION_LEVEL = 0;
				GCC_PREPROCESSOR_DEFINITIONS = (
					"DEBUG=1",
					"$(inherited)",
				);
				GCC_WARN_64_TO_32_BIT_CONVERSION = YES;
				GCC_WARN_ABOUT_RETURN_TYPE = YES_ERROR;
				GCC_WARN_UNDECLARED_SELECTOR = YES;
				GCC_WARN_UNINITIALIZED_AUTOS = YES_AGGRESSIVE;
				GCC_WARN_UNUSED_FUNCTION = YES;
				GCC_WARN_UNUSED_VARIABLE = YES;
				IPHONEOS_DEPLOYMENT_TARGET = 10.2;
				MTL_ENABLE_DEBUG_INFO = YES;
				ONLY_ACTIVE_ARCH = YES;
				SDKROOT = iphoneos;
				SWIFT_ACTIVE_COMPILATION_CONDITIONS = DEBUG;
				SWIFT_OPTIMIZATION_LEVEL = "-Onone";
			};
			name = Debug;
		};
		4925CD7F1E7AECDE00FD974E /* Release */ = {
			isa = XCBuildConfiguration;
			buildSettings = {
				ALWAYS_SEARCH_USER_PATHS = NO;
				CLANG_ANALYZER_NONNULL = YES;
				CLANG_CXX_LANGUAGE_STANDARD = "gnu++0x";
				CLANG_CXX_LIBRARY = "libc++";
				CLANG_ENABLE_MODULES = YES;
				CLANG_ENABLE_OBJC_ARC = YES;
				CLANG_WARN_BOOL_CONVERSION = YES;
				CLANG_WARN_CONSTANT_CONVERSION = YES;
				CLANG_WARN_DIRECT_OBJC_ISA_USAGE = YES_ERROR;
				CLANG_WARN_DOCUMENTATION_COMMENTS = YES;
				CLANG_WARN_EMPTY_BODY = YES;
				CLANG_WARN_ENUM_CONVERSION = YES;
				CLANG_WARN_INFINITE_RECURSION = YES;
				CLANG_WARN_INT_CONVERSION = YES;
				CLANG_WARN_OBJC_ROOT_CLASS = YES_ERROR;
				CLANG_WARN_SUSPICIOUS_MOVE = YES;
				CLANG_WARN_UNREACHABLE_CODE = YES;
				CLANG_WARN__DUPLICATE_METHOD_MATCH = YES;
				"CODE_SIGN_IDENTITY[sdk=iphoneos*]" = "iPhone Developer";
				COPY_PHASE_STRIP = NO;
				DEBUG_INFORMATION_FORMAT = "dwarf-with-dsym";
				ENABLE_NS_ASSERTIONS = NO;
				ENABLE_STRICT_OBJC_MSGSEND = YES;
				GCC_C_LANGUAGE_STANDARD = gnu99;
				GCC_NO_COMMON_BLOCKS = YES;
				GCC_WARN_64_TO_32_BIT_CONVERSION = YES;
				GCC_WARN_ABOUT_RETURN_TYPE = YES_ERROR;
				GCC_WARN_UNDECLARED_SELECTOR = YES;
				GCC_WARN_UNINITIALIZED_AUTOS = YES_AGGRESSIVE;
				GCC_WARN_UNUSED_FUNCTION = YES;
				GCC_WARN_UNUSED_VARIABLE = YES;
				IPHONEOS_DEPLOYMENT_TARGET = 10.2;
				MTL_ENABLE_DEBUG_INFO = NO;
				SDKROOT = iphoneos;
				SWIFT_OPTIMIZATION_LEVEL = "-Owholemodule";
				VALIDATE_PRODUCT = YES;
			};
			name = Release;
		};
		4925CD811E7AECDE00FD974E /* Debug */ = {
			isa = XCBuildConfiguration;
			buildSettings = {
				ASSETCATALOG_COMPILER_APPICON_NAME = AppIcon;
				INFOPLIST_FILE = mySample/Info.plist;
				LD_RUNPATH_SEARCH_PATHS = "$(inherited) @executable_path/Frameworks";
				PRODUCT_BUNDLE_IDENTIFIER = XuWeida.mySample;
				PRODUCT_NAME = "$(TARGET_NAME)";
				SWIFT_VERSION = 3.0;
			};
			name = Debug;
		};
		4925CD821E7AECDE00FD974E /* Release */ = {
			isa = XCBuildConfiguration;
			buildSettings = {
				ASSETCATALOG_COMPILER_APPICON_NAME = AppIcon;
				INFOPLIST_FILE = mySample/Info.plist;
				LD_RUNPATH_SEARCH_PATHS = "$(inherited) @executable_path/Frameworks";
				PRODUCT_BUNDLE_IDENTIFIER = XuWeida.mySample;
				PRODUCT_NAME = "$(TARGET_NAME)";
				SWIFT_VERSION = 3.0;
			};
			name = Release;
		};
/* End XCBuildConfiguration section */

/* Begin XCConfigurationList section */
		4925CD691E7AECDE00FD974E /* Build configuration list for PBXProject "mySample" */ = {
			isa = XCConfigurationList;
			buildConfigurations = (
				4925CD7E1E7AECDE00FD974E /* Debug */,
				4925CD7F1E7AECDE00FD974E /* Release */,
			);
			defaultConfigurationIsVisible = 0;
			defaultConfigurationName = Release;
		};
		4925CD801E7AECDE00FD974E /* Build configuration list for PBXNativeTarget "mySample" */ = {
			isa = XCConfigurationList;
			buildConfigurations = (
				4925CD811E7AECDE00FD974E /* Debug */,
				4925CD821E7AECDE00FD974E /* Release */,
			);
			defaultConfigurationIsVisible = 0;
		};
/* End XCConfigurationList section */
	};
	rootObject = 4925CD661E7AECDE00FD974E /* Project object */;
}
